
Microsoft Visual Studio Solution File, Format Version 12.00
# Visual Studio Version 17
VisualStudioVersion = 17.5.002.0
MinimumVisualStudioVersion = 10.0.40219.1
Project("{9A19103F-16F7-4668-BE54-9A1E7A4F7556}") = "Summify", "Summify\Summify.csproj", "{DE395DC6-84E2-4F4E-9D4F-DA5AE212C68D}"
EndProject
Global
	GlobalSection(SolutionConfigurationPlatforms) = preSolution
		Debug|Any CPU = Debug|Any CPU
		Release|Any CPU = Release|Any CPU
	EndGlobalSection
	GlobalSection(ProjectConfigurationPlatforms) = postSolution
		{DE395DC6-84E2-4F4E-9D4F-DA5AE212C68D}.Debug|Any CPU.ActiveCfg = Debug|Any CPU
		{DE395DC6-84E2-4F4E-9D4F-DA5AE212C68D}.Debug|Any CPU.Build.0 = Debug|Any CPU
		{DE395DC6-84E2-4F4E-9D4F-DA5AE212C68D}.Release|Any CPU.ActiveCfg = Release|Any CPU
		{DE395DC6-84E2-4F4E-9D4F-DA5AE212C68D}.Release|Any CPU.Build.0 = Release|Any CPU
	EndGlobalSection
	GlobalSection(SolutionProperties) = preSolution
		HideSolutionNode = FALSE
	EndGlobalSection
	GlobalSection(ExtensibilityGlobals) = postSolution
		SolutionGuid = {9597B089-0126-45BD-B34F-FFBEB1B8D8BE}
	EndGlobalSection
EndGlobal
